
Microsoft Visual Studio Solution File, Format Version 12.00
# Visual Studio Version 16
VisualStudioVersion = 16.0.29503.13
MinimumVisualStudioVersion = 10.0.40219.1
Project("{8BC9CEB8-8B4A-11D0-8D11-00A0C91BC942}") = "PBL_Engine", "PBL_Engine\PBL_Engine.vcxproj", "{3F802D44-5AE6-454E-BFAE-54A8B8ACB0F6}"
EndProject
Project("{8BC9CEB8-8B4A-11D0-8D11-00A0C91BC942}") = "TestScript", "TestScript\TestScript.vcxproj", "{769CD7F2-B1C0-4D97-B383-A405A22E8FC5}"
	ProjectSection(ProjectDependencies) = postProject
		{3F802D44-5AE6-454E-BFAE-54A8B8ACB0F6} = {3F802D44-5AE6-454E-BFAE-54A8B8ACB0F6}
	EndProjectSection
EndProject
Project("{8BC9CEB8-8B4A-11D0-8D11-00A0C91BC942}") = "Executable", "Executable\Executable.vcxproj", "{D9FC9B87-DB8D-46F1-A49A-11B5C093CD1B}"
	ProjectSection(ProjectDependencies) = postProject
		{3F802D44-5AE6-454E-BFAE-54A8B8ACB0F6} = {3F802D44-5AE6-454E-BFAE-54A8B8ACB0F6}
		{FFB9BF64-9CBB-4C29-B82F-9A8346181448} = {FFB9BF64-9CBB-4C29-B82F-9A8346181448}
		{CCE0876A-E5F7-47D8-83A0-5657FEBAE3D1} = {CCE0876A-E5F7-47D8-83A0-5657FEBAE3D1}
		{51FF08A7-81BB-465E-BA6A-6D02EF09A9F2} = {51FF08A7-81BB-465E-BA6A-6D02EF09A9F2}
		{143079B9-524B-4524-B592-8912B5B80D2F} = {143079B9-524B-4524-B592-8912B5B80D2F}
		{14C037C1-197D-4E4F-9D71-43036BBE8C2C} = {14C037C1-197D-4E4F-9D71-43036BBE8C2C}
		{769CD7F2-B1C0-4D97-B383-A405A22E8FC5} = {769CD7F2-B1C0-4D97-B383-A405A22E8FC5}
	EndProjectSection
EndProject
Project("{8BC9CEB8-8B4A-11D0-8D11-00A0C91BC942}") = "TestScript2", "TestScript2\TestScript2.vcxproj", "{FFB9BF64-9CBB-4C29-B82F-9A8346181448}"
	ProjectSection(ProjectDependencies) = postProject
		{3F802D44-5AE6-454E-BFAE-54A8B8ACB0F6} = {3F802D44-5AE6-454E-BFAE-54A8B8ACB0F6}
		{769CD7F2-B1C0-4D97-B383-A405A22E8FC5} = {769CD7F2-B1C0-4D97-B383-A405A22E8FC5}
	EndProjectSection
EndProject
Project("{8BC9CEB8-8B4A-11D0-8D11-00A0C91BC942}") = "GameManagerScript", "GameManagerScript\GameManagerScript.vcxproj", "{51FF08A7-81BB-465E-BA6A-6D02EF09A9F2}"
	ProjectSection(ProjectDependencies) = postProject
		{3F802D44-5AE6-454E-BFAE-54A8B8ACB0F6} = {3F802D44-5AE6-454E-BFAE-54A8B8ACB0F6}
		{143079B9-524B-4524-B592-8912B5B80D2F} = {143079B9-524B-4524-B592-8912B5B80D2F}
	EndProjectSection
EndProject
Project("{8BC9CEB8-8B4A-11D0-8D11-00A0C91BC942}") = "CameraControllerScript", "CameraControllerScript\CameraControllerScript.vcxproj", "{CCE0876A-E5F7-47D8-83A0-5657FEBAE3D1}"
	ProjectSection(ProjectDependencies) = postProject
		{3F802D44-5AE6-454E-BFAE-54A8B8ACB0F6} = {3F802D44-5AE6-454E-BFAE-54A8B8ACB0F6}
	EndProjectSection
EndProject
Project("{8BC9CEB8-8B4A-11D0-8D11-00A0C91BC942}") = "PlayerControllerScript", "PlayerControllerScript\PlayerControllerScript.vcxproj", "{14C037C1-197D-4E4F-9D71-43036BBE8C2C}"
	ProjectSection(ProjectDependencies) = postProject
		{3F802D44-5AE6-454E-BFAE-54A8B8ACB0F6} = {3F802D44-5AE6-454E-BFAE-54A8B8ACB0F6}
	EndProjectSection
EndProject
Project("{8BC9CEB8-8B4A-11D0-8D11-00A0C91BC942}") = "EnemyControllerScript", "EnemyControllerScript\EnemyControllerScript.vcxproj", "{143079B9-524B-4524-B592-8912B5B80D2F}"
	ProjectSection(ProjectDependencies) = postProject
		{3F802D44-5AE6-454E-BFAE-54A8B8ACB0F6} = {3F802D44-5AE6-454E-BFAE-54A8B8ACB0F6}
	EndProjectSection
EndProject
Global
	GlobalSection(SolutionConfigurationPlatforms) = preSolution
		Debug|Win32 = Debug|Win32
		Debug|x64 = Debug|x64
		Debug|x86 = Debug|x86
		Release|Win32 = Release|Win32
		Release|x64 = Release|x64
		Release|x86 = Release|x86
	EndGlobalSection
	GlobalSection(ProjectConfigurationPlatforms) = postSolution
		{3F802D44-5AE6-454E-BFAE-54A8B8ACB0F6}.Debug|Win32.ActiveCfg = Debug|Win32
		{3F802D44-5AE6-454E-BFAE-54A8B8ACB0F6}.Debug|Win32.Build.0 = Debug|Win32
		{3F802D44-5AE6-454E-BFAE-54A8B8ACB0F6}.Debug|x64.ActiveCfg = Debug|x64
		{3F802D44-5AE6-454E-BFAE-54A8B8ACB0F6}.Debug|x64.Build.0 = Debug|x64
		{3F802D44-5AE6-454E-BFAE-54A8B8ACB0F6}.Debug|x86.ActiveCfg = Debug|Win32
		{3F802D44-5AE6-454E-BFAE-54A8B8ACB0F6}.Debug|x86.Build.0 = Debug|Win32
		{3F802D44-5AE6-454E-BFAE-54A8B8ACB0F6}.Release|Win32.ActiveCfg = Release|Win32
		{3F802D44-5AE6-454E-BFAE-54A8B8ACB0F6}.Release|Win32.Build.0 = Release|Win32
		{3F802D44-5AE6-454E-BFAE-54A8B8ACB0F6}.Release|x64.ActiveCfg = Release|x64
		{3F802D44-5AE6-454E-BFAE-54A8B8ACB0F6}.Release|x64.Build.0 = Release|x64
		{3F802D44-5AE6-454E-BFAE-54A8B8ACB0F6}.Release|x86.ActiveCfg = Debug|Win32
		{769CD7F2-B1C0-4D97-B383-A405A22E8FC5}.Debug|Win32.ActiveCfg = Debug|Win32
		{769CD7F2-B1C0-4D97-B383-A405A22E8FC5}.Debug|Win32.Build.0 = Debug|Win32
		{769CD7F2-B1C0-4D97-B383-A405A22E8FC5}.Debug|x64.ActiveCfg = Debug|x64
		{769CD7F2-B1C0-4D97-B383-A405A22E8FC5}.Debug|x64.Build.0 = Debug|x64
		{769CD7F2-B1C0-4D97-B383-A405A22E8FC5}.Debug|x86.ActiveCfg = Debug|Win32
		{769CD7F2-B1C0-4D97-B383-A405A22E8FC5}.Debug|x86.Build.0 = Debug|Win32
		{769CD7F2-B1C0-4D97-B383-A405A22E8FC5}.Release|Win32.ActiveCfg = Release|Win32
		{769CD7F2-B1C0-4D97-B383-A405A22E8FC5}.Release|Win32.Build.0 = Release|Win32
		{769CD7F2-B1C0-4D97-B383-A405A22E8FC5}.Release|x64.ActiveCfg = Release|x64
		{769CD7F2-B1C0-4D97-B383-A405A22E8FC5}.Release|x64.Build.0 = Release|x64
		{769CD7F2-B1C0-4D97-B383-A405A22E8FC5}.Release|x86.ActiveCfg = Debug|Win32
		{769CD7F2-B1C0-4D97-B383-A405A22E8FC5}.Release|x86.Build.0 = Debug|Win32
		{D9FC9B87-DB8D-46F1-A49A-11B5C093CD1B}.Debug|Win32.ActiveCfg = Debug|Win32
		{D9FC9B87-DB8D-46F1-A49A-11B5C093CD1B}.Debug|Win32.Build.0 = Debug|Win32
		{D9FC9B87-DB8D-46F1-A49A-11B5C093CD1B}.Debug|x64.ActiveCfg = Debug|x64
		{D9FC9B87-DB8D-46F1-A49A-11B5C093CD1B}.Debug|x64.Build.0 = Debug|x64
		{D9FC9B87-DB8D-46F1-A49A-11B5C093CD1B}.Debug|x86.ActiveCfg = Debug|Win32
		{D9FC9B87-DB8D-46F1-A49A-11B5C093CD1B}.Debug|x86.Build.0 = Debug|Win32
		{D9FC9B87-DB8D-46F1-A49A-11B5C093CD1B}.Release|Win32.ActiveCfg = Release|Win32
		{D9FC9B87-DB8D-46F1-A49A-11B5C093CD1B}.Release|Win32.Build.0 = Release|Win32
		{D9FC9B87-DB8D-46F1-A49A-11B5C093CD1B}.Release|x64.ActiveCfg = Release|x64
		{D9FC9B87-DB8D-46F1-A49A-11B5C093CD1B}.Release|x64.Build.0 = Release|x64
		{D9FC9B87-DB8D-46F1-A49A-11B5C093CD1B}.Release|x86.ActiveCfg = Release|Win32
		{D9FC9B87-DB8D-46F1-A49A-11B5C093CD1B}.Release|x86.Build.0 = Release|Win32
		{FFB9BF64-9CBB-4C29-B82F-9A8346181448}.Debug|Win32.ActiveCfg = Debug|Win32
		{FFB9BF64-9CBB-4C29-B82F-9A8346181448}.Debug|Win32.Build.0 = Debug|Win32
		{FFB9BF64-9CBB-4C29-B82F-9A8346181448}.Debug|x64.ActiveCfg = Debug|x64
		{FFB9BF64-9CBB-4C29-B82F-9A8346181448}.Debug|x64.Build.0 = Debug|x64
		{FFB9BF64-9CBB-4C29-B82F-9A8346181448}.Debug|x86.ActiveCfg = Debug|Win32
		{FFB9BF64-9CBB-4C29-B82F-9A8346181448}.Debug|x86.Build.0 = Debug|Win32
		{FFB9BF64-9CBB-4C29-B82F-9A8346181448}.Release|Win32.ActiveCfg = Release|Win32
		{FFB9BF64-9CBB-4C29-B82F-9A8346181448}.Release|Win32.Build.0 = Release|Win32
		{FFB9BF64-9CBB-4C29-B82F-9A8346181448}.Release|x64.ActiveCfg = Release|x64
		{FFB9BF64-9CBB-4C29-B82F-9A8346181448}.Release|x64.Build.0 = Release|x64
		{FFB9BF64-9CBB-4C29-B82F-9A8346181448}.Release|x86.ActiveCfg = Release|Win32
		{FFB9BF64-9CBB-4C29-B82F-9A8346181448}.Release|x86.Build.0 = Release|Win32
		{51FF08A7-81BB-465E-BA6A-6D02EF09A9F2}.Debug|Win32.ActiveCfg = Debug|Win32
		{51FF08A7-81BB-465E-BA6A-6D02EF09A9F2}.Debug|Win32.Build.0 = Debug|Win32
		{51FF08A7-81BB-465E-BA6A-6D02EF09A9F2}.Debug|x64.ActiveCfg = Debug|x64
		{51FF08A7-81BB-465E-BA6A-6D02EF09A9F2}.Debug|x64.Build.0 = Debug|x64
		{51FF08A7-81BB-465E-BA6A-6D02EF09A9F2}.Debug|x86.ActiveCfg = Debug|Win32
		{51FF08A7-81BB-465E-BA6A-6D02EF09A9F2}.Debug|x86.Build.0 = Debug|Win32
		{51FF08A7-81BB-465E-BA6A-6D02EF09A9F2}.Release|Win32.ActiveCfg = Release|Win32
		{51FF08A7-81BB-465E-BA6A-6D02EF09A9F2}.Release|Win32.Build.0 = Release|Win32
		{51FF08A7-81BB-465E-BA6A-6D02EF09A9F2}.Release|x64.ActiveCfg = Release|x64
		{51FF08A7-81BB-465E-BA6A-6D02EF09A9F2}.Release|x64.Build.0 = Release|x64
		{51FF08A7-81BB-465E-BA6A-6D02EF09A9F2}.Release|x86.ActiveCfg = Release|Win32
		{51FF08A7-81BB-465E-BA6A-6D02EF09A9F2}.Release|x86.Build.0 = Release|Win32
		{CCE0876A-E5F7-47D8-83A0-5657FEBAE3D1}.Debug|Win32.ActiveCfg = Debug|Win32
		{CCE0876A-E5F7-47D8-83A0-5657FEBAE3D1}.Debug|Win32.Build.0 = Debug|Win32
		{CCE0876A-E5F7-47D8-83A0-5657FEBAE3D1}.Debug|x64.ActiveCfg = Debug|x64
		{CCE0876A-E5F7-47D8-83A0-5657FEBAE3D1}.Debug|x64.Build.0 = Debug|x64
		{CCE0876A-E5F7-47D8-83A0-5657FEBAE3D1}.Debug|x86.ActiveCfg = Debug|Win32
		{CCE0876A-E5F7-47D8-83A0-5657FEBAE3D1}.Debug|x86.Build.0 = Debug|Win32
		{CCE0876A-E5F7-47D8-83A0-5657FEBAE3D1}.Release|Win32.ActiveCfg = Release|Win32
		{CCE0876A-E5F7-47D8-83A0-5657FEBAE3D1}.Release|Win32.Build.0 = Release|Win32
		{CCE0876A-E5F7-47D8-83A0-5657FEBAE3D1}.Release|x64.ActiveCfg = Release|x64
		{CCE0876A-E5F7-47D8-83A0-5657FEBAE3D1}.Release|x64.Build.0 = Release|x64
		{CCE0876A-E5F7-47D8-83A0-5657FEBAE3D1}.Release|x86.ActiveCfg = Release|Win32
		{CCE0876A-E5F7-47D8-83A0-5657FEBAE3D1}.Release|x86.Build.0 = Release|Win32
		{14C037C1-197D-4E4F-9D71-43036BBE8C2C}.Debug|Win32.ActiveCfg = Debug|Win32
		{14C037C1-197D-4E4F-9D71-43036BBE8C2C}.Debug|Win32.Build.0 = Debug|Win32
		{14C037C1-197D-4E4F-9D71-43036BBE8C2C}.Debug|x64.ActiveCfg = Debug|x64
		{14C037C1-197D-4E4F-9D71-43036BBE8C2C}.Debug|x64.Build.0 = Debug|x64
		{14C037C1-197D-4E4F-9D71-43036BBE8C2C}.Debug|x86.ActiveCfg = Debug|Win32
		{14C037C1-197D-4E4F-9D71-43036BBE8C2C}.Debug|x86.Build.0 = Debug|Win32
		{14C037C1-197D-4E4F-9D71-43036BBE8C2C}.Release|Win32.ActiveCfg = Release|Win32
		{14C037C1-197D-4E4F-9D71-43036BBE8C2C}.Release|Win32.Build.0 = Release|Win32
		{14C037C1-197D-4E4F-9D71-43036BBE8C2C}.Release|x64.ActiveCfg = Release|x64
		{14C037C1-197D-4E4F-9D71-43036BBE8C2C}.Release|x64.Build.0 = Release|x64
		{14C037C1-197D-4E4F-9D71-43036BBE8C2C}.Release|x86.ActiveCfg = Release|Win32
		{14C037C1-197D-4E4F-9D71-43036BBE8C2C}.Release|x86.Build.0 = Release|Win32
		{143079B9-524B-4524-B592-8912B5B80D2F}.Debug|Win32.ActiveCfg = Debug|Win32
		{143079B9-524B-4524-B592-8912B5B80D2F}.Debug|Win32.Build.0 = Debug|Win32
		{143079B9-524B-4524-B592-8912B5B80D2F}.Debug|x64.ActiveCfg = Debug|x64
		{143079B9-524B-4524-B592-8912B5B80D2F}.Debug|x64.Build.0 = Debug|x64
		{143079B9-524B-4524-B592-8912B5B80D2F}.Debug|x86.ActiveCfg = Debug|Win32
		{143079B9-524B-4524-B592-8912B5B80D2F}.Debug|x86.Build.0 = Debug|Win32
		{143079B9-524B-4524-B592-8912B5B80D2F}.Release|Win32.ActiveCfg = Release|Win32
		{143079B9-524B-4524-B592-8912B5B80D2F}.Release|Win32.Build.0 = Release|Win32
		{143079B9-524B-4524-B592-8912B5B80D2F}.Release|x64.ActiveCfg = Release|x64
		{143079B9-524B-4524-B592-8912B5B80D2F}.Release|x64.Build.0 = Release|x64
		{143079B9-524B-4524-B592-8912B5B80D2F}.Release|x86.ActiveCfg = Release|Win32
		{143079B9-524B-4524-B592-8912B5B80D2F}.Release|x86.Build.0 = Release|Win32
	EndGlobalSection
	GlobalSection(SolutionProperties) = preSolution
		HideSolutionNode = FALSE
	EndGlobalSection
	GlobalSection(ExtensibilityGlobals) = postSolution
		SolutionGuid = {7C329752-3758-4A20-A301-AFC15BDBEB22}
	EndGlobalSection
EndGlobal
