<?xml version="1.0" encoding="utf-8"?>
<Project ToolsVersion="4.0" xmlns="http://schemas.microsoft.com/developer/msbuild/2003">
  <ItemGroup>
    <Filter Include="Pliki źródłowe">
      <UniqueIdentifier>{4FC737F1-C7A5-4376-A066-2A32D752A2FF}</UniqueIdentifier>
      <Extensions>cpp;c;cc;cxx;def;odl;idl;hpj;bat;asm;asmx</Extensions>
    </Filter>
    <Filter Include="Pliki nagłówkowe">
      <UniqueIdentifier>{93995380-89BD-4b04-88EB-625FBE52EBFB}</UniqueIdentifier>
      <Extensions>h;hh;hpp;hxx;hm;inl;inc;ipp;xsd</Extensions>
    </Filter>
    <Filter Include="Pliki zasobów">
      <UniqueIdentifier>{67DA6AB6-F800-4c08-8B7A-83BB121AAD01}</UniqueIdentifier>
      <Extensions>rc;ico;cur;bmp;dlg;rc2;rct;bin;rgs;gif;jpg;jpeg;jpe;resx;tiff;tif;png;wav;mfcribbon-ms</Extensions>
    </Filter>
    <Filter Include="DxErr">
      <UniqueIdentifier>{4daeadab-6035-4ebf-b8df-cd35c00270f6}</UniqueIdentifier>
    </Filter>
    <Filter Include="Shader">
      <UniqueIdentifier>{462b0ef3-ef01-49af-b7cc-40c18501dbd7}</UniqueIdentifier>
    </Filter>
    <Filter Include="Pliki nagłówkowe\Macros">
      <UniqueIdentifier>{e783c35a-9196-4240-8a0d-e84be582f8a8}</UniqueIdentifier>
    </Filter>
    <Filter Include="Pliki nagłówkowe\Bindable">
      <UniqueIdentifier>{9668f3dd-5738-494f-a275-dcc1be37ed54}</UniqueIdentifier>
    </Filter>
    <Filter Include="Pliki nagłówkowe\Renderable">
      <UniqueIdentifier>{83926010-1fc7-4f1c-8099-8b1ed18720a9}</UniqueIdentifier>
    </Filter>
    <Filter Include="Pliki źródłowe\Bindable">
      <UniqueIdentifier>{f72fa6ab-2a80-4888-b11d-94a130a09906}</UniqueIdentifier>
    </Filter>
    <Filter Include="Pliki źródłowe\Renderable">
      <UniqueIdentifier>{b3b4e101-36cf-449a-8d70-00ae4c982b1e}</UniqueIdentifier>
    </Filter>
    <Filter Include="Pliki nagłówkowe\ECS">
      <UniqueIdentifier>{a244f9e5-68c3-400f-9049-32eb2b3e79ec}</UniqueIdentifier>
    </Filter>
    <Filter Include="Pliki źródłowe\ECS">
      <UniqueIdentifier>{ac146d09-c47a-4b55-b4b8-dd49919fd4b3}</UniqueIdentifier>
    </Filter>
    <Filter Include="imgui">
      <UniqueIdentifier>{de13fcbb-5b77-435c-bd21-4aafa4548b42}</UniqueIdentifier>
    </Filter>
    <Filter Include="Pliki nagłówkowe\Components">
      <UniqueIdentifier>{dee12db2-df74-45f3-a278-108090d31d97}</UniqueIdentifier>
    </Filter>
    <Filter Include="Pliki nagłówkowe\Systems">
      <UniqueIdentifier>{6e1e5099-0e1b-4ab1-ab63-d1675905b7dd}</UniqueIdentifier>
    </Filter>
    <Filter Include="Pliki źródłowe\Systems">
      <UniqueIdentifier>{33a5028f-5d41-4125-b6a4-43acba6f1f9e}</UniqueIdentifier>
    </Filter>
    <Filter Include="Pliki źródłowe\Components">
      <UniqueIdentifier>{0f342a4a-cfe6-4733-88f5-7dea673438a7}</UniqueIdentifier>
    </Filter>
    <Filter Include="Pliki nagłówkowe\Events">
      <UniqueIdentifier>{4fe7b63a-c60f-418e-9df9-64192a2d47dd}</UniqueIdentifier>
    </Filter>
    <Filter Include="Pliki źródłowe\Events">
      <UniqueIdentifier>{c2179392-6f2d-4887-804a-96d72285687b}</UniqueIdentifier>
    </Filter>
    <Filter Include="yaml-cpp">
      <UniqueIdentifier>{972883ae-19db-47e8-a3db-88d6bad61906}</UniqueIdentifier>
    </Filter>
    <Filter Include="yaml-cpp\include">
      <UniqueIdentifier>{7f47ddec-bb5e-4569-8113-75e7127bcbf7}</UniqueIdentifier>
    </Filter>
    <Filter Include="yaml-cpp\src">
      <UniqueIdentifier>{65e39add-ee1f-41bd-b8b2-08a8cca952cb}</UniqueIdentifier>
    </Filter>
    <Filter Include="yaml-cpp\include\yaml-cpp">
      <UniqueIdentifier>{dba8241c-0efa-4bc4-93b6-0057d870f440}</UniqueIdentifier>
    </Filter>
    <Filter Include="yaml-cpp\include\yaml-cpp\contrib">
      <UniqueIdentifier>{8cee62aa-254e-4cf3-be40-c9fc9f32e045}</UniqueIdentifier>
    </Filter>
    <Filter Include="yaml-cpp\include\yaml-cpp\node">
      <UniqueIdentifier>{4258f53f-f246-4177-b4f6-50a42080e10c}</UniqueIdentifier>
    </Filter>
    <Filter Include="yaml-cpp\include\yaml-cpp\node\detail">
      <UniqueIdentifier>{d978a0f3-65d6-449e-8011-0cfe13bebd76}</UniqueIdentifier>
    </Filter>
    <Filter Include="yaml-cpp\src\contrib">
      <UniqueIdentifier>{b60cb699-c62e-4b45-b97c-8f91d5149442}</UniqueIdentifier>
    </Filter>
    <Filter Include="Pliki nagłówkowe\Animation">
      <UniqueIdentifier>{e0e4116b-30b2-4fa8-a9b2-62bfaec02574}</UniqueIdentifier>
    </Filter>
    <Filter Include="Pliki źródłowe\Animation">
      <UniqueIdentifier>{302bc15f-ba8d-48cd-b60a-b98a4ce642bc}</UniqueIdentifier>
    </Filter>
    <Filter Include="SceneFiles">
      <UniqueIdentifier>{e52cb541-d32f-4dea-9bad-9bac074c9939}</UniqueIdentifier>
    </Filter>
  </ItemGroup>
  <ItemGroup>
    <ClCompile Include="WinMain.cpp">
      <Filter>Pliki źródłowe</Filter>
    </ClCompile>
    <ClCompile Include="Window.cpp">
      <Filter>Pliki źródłowe</Filter>
    </ClCompile>
    <ClCompile Include="ExceptionHandler.cpp">
      <Filter>Pliki źródłowe</Filter>
    </ClCompile>
    <ClCompile Include="Keyboard.cpp">
      <Filter>Pliki źródłowe</Filter>
    </ClCompile>
    <ClCompile Include="Mouse.cpp">
      <Filter>Pliki źródłowe</Filter>
    </ClCompile>
    <ClCompile Include="Graphics.cpp">
      <Filter>Pliki źródłowe</Filter>
    </ClCompile>
    <ClCompile Include="Timer.cpp">
      <Filter>Pliki źródłowe</Filter>
    </ClCompile>
    <ClCompile Include="dxerr.cpp">
      <Filter>DxErr</Filter>
    </ClCompile>
    <ClCompile Include="DxgiInfoManager.cpp">
      <Filter>DxErr</Filter>
    </ClCompile>
    <ClCompile Include="Bindable.cpp">
      <Filter>Pliki źródłowe\Bindable</Filter>
    </ClCompile>
    <ClCompile Include="Topology.cpp">
      <Filter>Pliki źródłowe\Bindable</Filter>
    </ClCompile>
    <ClCompile Include="IndexBuffer.cpp">
      <Filter>Pliki źródłowe\Bindable</Filter>
    </ClCompile>
    <ClCompile Include="InputLayout.cpp">
      <Filter>Pliki źródłowe\Bindable</Filter>
    </ClCompile>
    <ClCompile Include="PixelShader.cpp">
      <Filter>Pliki źródłowe\Bindable</Filter>
    </ClCompile>
    <ClCompile Include="TransformCbuf.cpp">
      <Filter>Pliki źródłowe\Bindable</Filter>
    </ClCompile>
    <ClCompile Include="VertexBuffer.cpp">
      <Filter>Pliki źródłowe\Bindable</Filter>
    </ClCompile>
    <ClCompile Include="VertexShader.cpp">
      <Filter>Pliki źródłowe\Bindable</Filter>
    </ClCompile>
    <ClCompile Include="Renderable.cpp">
      <Filter>Pliki źródłowe\Renderable</Filter>
    </ClCompile>
    <ClCompile Include="Box.cpp">
      <Filter>Pliki źródłowe\Renderable</Filter>
    </ClCompile>
    <ClCompile Include="Pyramid.cpp">
      <Filter>Pliki źródłowe\Renderable</Filter>
    </ClCompile>
    <ClCompile Include="ECS\ComponentManager.cpp">
      <Filter>Pliki źródłowe\ECS</Filter>
    </ClCompile>
    <ClCompile Include="ECS\EntityManager.cpp">
      <Filter>Pliki źródłowe\ECS</Filter>
    </ClCompile>
    <ClCompile Include="ECS\SystemManager.cpp">
      <Filter>Pliki źródłowe\ECS</Filter>
    </ClCompile>
    <ClCompile Include="ECS\Registry.cpp">
      <Filter>Pliki źródłowe\ECS</Filter>
    </ClCompile>
    <ClCompile Include="ECS\EventManager.cpp">
      <Filter>Pliki źródłowe\ECS</Filter>
    </ClCompile>
    <ClCompile Include="Systems\RenderSystem.cpp">
      <Filter>Pliki źródłowe\Systems</Filter>
    </ClCompile>
    <ClCompile Include="Surface.cpp">
      <Filter>Pliki źródłowe</Filter>
    </ClCompile>
    <ClCompile Include="GDIPlusManager.cpp">
      <Filter>Pliki źródłowe</Filter>
    </ClCompile>
    <ClCompile Include="Texture.cpp">
      <Filter>Pliki źródłowe\Bindable</Filter>
    </ClCompile>
    <ClCompile Include="Sheet.cpp">
      <Filter>Pliki źródłowe\Renderable</Filter>
    </ClCompile>
    <ClCompile Include="Sampler.cpp">
      <Filter>Pliki źródłowe\Bindable</Filter>
    </ClCompile>
    <ClCompile Include="SkinnedBox.cpp">
      <Filter>Pliki źródłowe\Renderable</Filter>
    </ClCompile>
    <ClCompile Include="ImguiManager.cpp">
      <Filter>Pliki źródłowe</Filter>
    </ClCompile>
    <ClCompile Include="Camera.cpp">
      <Filter>Pliki źródłowe</Filter>
    </ClCompile>
    <ClCompile Include="Engine.cpp">
      <Filter>Pliki źródłowe</Filter>
    </ClCompile>
    <ClCompile Include="Systems\SceneSystem.cpp">
      <Filter>Pliki źródłowe\Systems</Filter>
    </ClCompile>
    <ClCompile Include="yaml-cpp\src\contrib\graphbuilder.cpp">
      <Filter>yaml-cpp\src\contrib</Filter>
    </ClCompile>
    <ClCompile Include="yaml-cpp\src\contrib\graphbuilderadapter.cpp">
      <Filter>yaml-cpp\src\contrib</Filter>
    </ClCompile>
    <ClCompile Include="yaml-cpp\src\binary.cpp">
      <Filter>yaml-cpp\src</Filter>
    </ClCompile>
    <ClCompile Include="yaml-cpp\src\convert.cpp">
      <Filter>yaml-cpp\src</Filter>
    </ClCompile>
    <ClCompile Include="yaml-cpp\src\depthguard.cpp">
      <Filter>yaml-cpp\src</Filter>
    </ClCompile>
    <ClCompile Include="yaml-cpp\src\directives.cpp">
      <Filter>yaml-cpp\src</Filter>
    </ClCompile>
    <ClCompile Include="yaml-cpp\src\emit.cpp">
      <Filter>yaml-cpp\src</Filter>
    </ClCompile>
    <ClCompile Include="yaml-cpp\src\emitfromevents.cpp">
      <Filter>yaml-cpp\src</Filter>
    </ClCompile>
    <ClCompile Include="yaml-cpp\src\emitter.cpp">
      <Filter>yaml-cpp\src</Filter>
    </ClCompile>
    <ClCompile Include="yaml-cpp\src\emitterstate.cpp">
      <Filter>yaml-cpp\src</Filter>
    </ClCompile>
    <ClCompile Include="yaml-cpp\src\emitterutils.cpp">
      <Filter>yaml-cpp\src</Filter>
    </ClCompile>
    <ClCompile Include="yaml-cpp\src\exceptions.cpp">
      <Filter>yaml-cpp\src</Filter>
    </ClCompile>
    <ClCompile Include="yaml-cpp\src\exp.cpp">
      <Filter>yaml-cpp\src</Filter>
    </ClCompile>
    <ClCompile Include="yaml-cpp\src\memory.cpp">
      <Filter>yaml-cpp\src</Filter>
    </ClCompile>
    <ClCompile Include="yaml-cpp\src\node.cpp">
      <Filter>yaml-cpp\src</Filter>
    </ClCompile>
    <ClCompile Include="yaml-cpp\src\node_data.cpp">
      <Filter>yaml-cpp\src</Filter>
    </ClCompile>
    <ClCompile Include="yaml-cpp\src\nodebuilder.cpp">
      <Filter>yaml-cpp\src</Filter>
    </ClCompile>
    <ClCompile Include="yaml-cpp\src\nodeevents.cpp">
      <Filter>yaml-cpp\src</Filter>
    </ClCompile>
    <ClCompile Include="yaml-cpp\src\null.cpp">
      <Filter>yaml-cpp\src</Filter>
    </ClCompile>
    <ClCompile Include="yaml-cpp\src\ostream_wrapper.cpp">
      <Filter>yaml-cpp\src</Filter>
    </ClCompile>
    <ClCompile Include="yaml-cpp\src\parse.cpp">
      <Filter>yaml-cpp\src</Filter>
    </ClCompile>
    <ClCompile Include="yaml-cpp\src\parser.cpp">
      <Filter>yaml-cpp\src</Filter>
    </ClCompile>
    <ClCompile Include="yaml-cpp\src\regex_yaml.cpp">
      <Filter>yaml-cpp\src</Filter>
    </ClCompile>
    <ClCompile Include="yaml-cpp\src\scanner.cpp">
      <Filter>yaml-cpp\src</Filter>
    </ClCompile>
    <ClCompile Include="yaml-cpp\src\scanscalar.cpp">
      <Filter>yaml-cpp\src</Filter>
    </ClCompile>
    <ClCompile Include="yaml-cpp\src\scantag.cpp">
      <Filter>yaml-cpp\src</Filter>
    </ClCompile>
    <ClCompile Include="yaml-cpp\src\scantoken.cpp">
      <Filter>yaml-cpp\src</Filter>
    </ClCompile>
    <ClCompile Include="yaml-cpp\src\simplekey.cpp">
      <Filter>yaml-cpp\src</Filter>
    </ClCompile>
    <ClCompile Include="yaml-cpp\src\singledocparser.cpp">
      <Filter>yaml-cpp\src</Filter>
    </ClCompile>
    <ClCompile Include="yaml-cpp\src\stream.cpp">
      <Filter>yaml-cpp\src</Filter>
    </ClCompile>
    <ClCompile Include="yaml-cpp\src\tag.cpp">
      <Filter>yaml-cpp\src</Filter>
    </ClCompile>
    <ClCompile Include="LevelParser.cpp">
      <Filter>Pliki źródłowe</Filter>
    </ClCompile>
    <ClCompile Include="Systems\BehaviourSystem.cpp">
      <Filter>Pliki źródłowe\Systems</Filter>
    </ClCompile>
    <ClCompile Include="..\TestScript\dllmain.cpp">
      <Filter>Pliki źródłowe</Filter>
    </ClCompile>
    <ClCompile Include="PointLight.cpp">
      <Filter>Pliki źródłowe</Filter>
    </ClCompile>
    <ClCompile Include="SolidSphere.cpp">
      <Filter>Pliki źródłowe\Renderable</Filter>
    </ClCompile>
    <ClCompile Include="Cylinder.cpp">
      <Filter>Pliki źródłowe\Renderable</Filter>
    </ClCompile>
    <ClCompile Include="Mesh.cpp">
      <Filter>Pliki źródłowe\Renderable</Filter>
    </ClCompile>
    <ClCompile Include="Systems\ColliderSystem.cpp">
      <Filter>Pliki źródłowe\Systems</Filter>
    </ClCompile>
    <ClCompile Include="GeometryShader.cpp">
      <Filter>Pliki źródłowe\Bindable</Filter>
    </ClCompile>
    <ClCompile Include="BonesCbuf.cpp">
      <Filter>Pliki źródłowe\Bindable</Filter>
    </ClCompile>
    <ClCompile Include="GeometryCbuf.cpp">
      <Filter>Pliki źródłowe\Bindable</Filter>
    </ClCompile>
    <ClCompile Include="imgui\imgui.cpp">
      <Filter>imgui</Filter>
    </ClCompile>
    <ClCompile Include="imgui\imgui_demo.cpp">
      <Filter>imgui</Filter>
    </ClCompile>
    <ClCompile Include="imgui\imgui_draw.cpp">
      <Filter>imgui</Filter>
    </ClCompile>
    <ClCompile Include="imgui\imgui_widgets.cpp">
      <Filter>imgui</Filter>
    </ClCompile>
    <ClCompile Include="imgui\examples\imgui_impl_dx11.cpp">
      <Filter>imgui</Filter>
    </ClCompile>
    <ClCompile Include="imgui\examples\imgui_impl_win32.cpp">
      <Filter>imgui</Filter>
    </ClCompile>
    <ClCompile Include="TimerCbuf.cpp">
      <Filter>Pliki źródłowe\Bindable</Filter>
    </ClCompile>
  </ItemGroup>
  <ItemGroup>
    <ClInclude Include="WinHeader.h">
      <Filter>Pliki nagłówkowe</Filter>
    </ClInclude>
    <ClInclude Include="Window.h">
      <Filter>Pliki nagłówkowe</Filter>
    </ClInclude>
    <ClInclude Include="ExceptionHandler.h">
      <Filter>Pliki nagłówkowe</Filter>
    </ClInclude>
    <ClInclude Include="resource.h">
      <Filter>Pliki nagłówkowe</Filter>
    </ClInclude>
    <ClInclude Include="Keyboard.h">
      <Filter>Pliki nagłówkowe</Filter>
    </ClInclude>
    <ClInclude Include="Mouse.h">
      <Filter>Pliki nagłówkowe</Filter>
    </ClInclude>
    <ClInclude Include="Graphics.h">
      <Filter>Pliki nagłówkowe</Filter>
    </ClInclude>
    <ClInclude Include="Timer.h">
      <Filter>Pliki nagłówkowe</Filter>
    </ClInclude>
    <ClInclude Include="dxerr.h">
      <Filter>DxErr</Filter>
    </ClInclude>
    <ClInclude Include="DxgiInfoManager.h">
      <Filter>DxErr</Filter>
    </ClInclude>
    <ClInclude Include="WindowsThrowMacros.h">
      <Filter>Pliki nagłówkowe\Macros</Filter>
    </ClInclude>
    <ClInclude Include="GraphicsThrowMacros.h">
      <Filter>Pliki nagłówkowe\Macros</Filter>
    </ClInclude>
    <ClInclude Include="Bindable.h">
      <Filter>Pliki nagłówkowe\Bindable</Filter>
    </ClInclude>
    <ClInclude Include="Topology.h">
      <Filter>Pliki nagłówkowe\Bindable</Filter>
    </ClInclude>
    <ClInclude Include="BindableBase.h">
      <Filter>Pliki nagłówkowe\Bindable</Filter>
    </ClInclude>
    <ClInclude Include="ConstantBuffers.h">
      <Filter>Pliki nagłówkowe\Bindable</Filter>
    </ClInclude>
    <ClInclude Include="IndexBuffer.h">
      <Filter>Pliki nagłówkowe\Bindable</Filter>
    </ClInclude>
    <ClInclude Include="InputLayout.h">
      <Filter>Pliki nagłówkowe\Bindable</Filter>
    </ClInclude>
    <ClInclude Include="PixelShader.h">
      <Filter>Pliki nagłówkowe\Bindable</Filter>
    </ClInclude>
    <ClInclude Include="TransformCbuf.h">
      <Filter>Pliki nagłówkowe\Bindable</Filter>
    </ClInclude>
    <ClInclude Include="VertexBuffer.h">
      <Filter>Pliki nagłówkowe\Bindable</Filter>
    </ClInclude>
    <ClInclude Include="VertexShader.h">
      <Filter>Pliki nagłówkowe\Bindable</Filter>
    </ClInclude>
    <ClInclude Include="Renderable.h">
      <Filter>Pliki nagłówkowe\Renderable</Filter>
    </ClInclude>
    <ClInclude Include="Box.h">
      <Filter>Pliki nagłówkowe\Renderable</Filter>
    </ClInclude>
    <ClInclude Include="RenderableBase.h">
      <Filter>Pliki nagłówkowe\Renderable</Filter>
    </ClInclude>
    <ClInclude Include="IndexedTriangleList.h">
      <Filter>Pliki nagłówkowe\Renderable</Filter>
    </ClInclude>
    <ClInclude Include="Cube.h">
      <Filter>Pliki nagłówkowe\Renderable</Filter>
    </ClInclude>
    <ClInclude Include="PBLMath.h">
      <Filter>Pliki nagłówkowe</Filter>
    </ClInclude>
    <ClInclude Include="Cone.h">
      <Filter>Pliki nagłówkowe\Renderable</Filter>
    </ClInclude>
    <ClInclude Include="Plane.h">
      <Filter>Pliki nagłówkowe\Renderable</Filter>
    </ClInclude>
    <ClInclude Include="Prism.h">
      <Filter>Pliki nagłówkowe\Renderable</Filter>
    </ClInclude>
    <ClInclude Include="Sphere.h">
      <Filter>Pliki nagłówkowe\Renderable</Filter>
    </ClInclude>
    <ClInclude Include="Pyramid.h">
      <Filter>Pliki nagłówkowe\Renderable</Filter>
    </ClInclude>
    <ClInclude Include="ECS\Component.hpp">
      <Filter>Pliki nagłówkowe\ECS</Filter>
    </ClInclude>
    <ClInclude Include="ECS\ComponentArray.hpp">
      <Filter>Pliki nagłówkowe\ECS</Filter>
    </ClInclude>
    <ClInclude Include="ECS\ComponentManager.hpp">
      <Filter>Pliki nagłówkowe\ECS</Filter>
    </ClInclude>
    <ClInclude Include="ECS\EntityManager.hpp">
      <Filter>Pliki nagłówkowe\ECS</Filter>
    </ClInclude>
    <ClInclude Include="ECS\Event.hpp">
      <Filter>Pliki nagłówkowe\ECS</Filter>
    </ClInclude>
    <ClInclude Include="ECS\EventManager.hpp">
      <Filter>Pliki nagłówkowe\ECS</Filter>
    </ClInclude>
    <ClInclude Include="ECS\Registry.hpp">
      <Filter>Pliki nagłówkowe\ECS</Filter>
    </ClInclude>
    <ClInclude Include="ECS\System.hpp">
      <Filter>Pliki nagłówkowe\ECS</Filter>
    </ClInclude>
    <ClInclude Include="ECS\SystemManager.hpp">
      <Filter>Pliki nagłówkowe\ECS</Filter>
    </ClInclude>
    <ClInclude Include="ECS\Utilities.hpp">
      <Filter>Pliki nagłówkowe\ECS</Filter>
    </ClInclude>
    <ClInclude Include="ECS\Entity.hpp">
      <Filter>Pliki nagłówkowe\ECS</Filter>
    </ClInclude>
    <ClInclude Include="Components\Transform.hpp">
      <Filter>Pliki nagłówkowe\Components</Filter>
    </ClInclude>
    <ClInclude Include="Systems\RenderSystem.hpp">
      <Filter>Pliki nagłówkowe\Systems</Filter>
    </ClInclude>
    <ClInclude Include="Surface.h">
      <Filter>Pliki nagłówkowe</Filter>
    </ClInclude>
    <ClInclude Include="Components\Renderer.hpp">
      <Filter>Pliki nagłówkowe\Components</Filter>
    </ClInclude>
    <ClInclude Include="GDIPlusManager.h">
      <Filter>Pliki nagłówkowe</Filter>
    </ClInclude>
    <ClInclude Include="Texture.h">
      <Filter>Pliki nagłówkowe\Bindable</Filter>
    </ClInclude>
    <ClInclude Include="Sheet.h">
      <Filter>Pliki nagłówkowe\Renderable</Filter>
    </ClInclude>
    <ClInclude Include="Sampler.h">
      <Filter>Pliki nagłówkowe\Bindable</Filter>
    </ClInclude>
    <ClInclude Include="SkinnedBox.h">
      <Filter>Pliki nagłówkowe\Renderable</Filter>
    </ClInclude>
    <ClInclude Include="ImguiManager.h">
      <Filter>Pliki nagłówkowe</Filter>
    </ClInclude>
    <ClInclude Include="Camera.h">
      <Filter>Pliki nagłówkowe</Filter>
    </ClInclude>
    <ClInclude Include="ECS\ECS.hpp">
      <Filter>Pliki nagłówkowe\ECS</Filter>
    </ClInclude>
    <ClInclude Include="Components\Components.hpp">
      <Filter>Pliki nagłówkowe\Components</Filter>
    </ClInclude>
    <ClInclude Include="Systems\Systems.hpp">
      <Filter>Pliki nagłówkowe\Systems</Filter>
    </ClInclude>
    <ClInclude Include="Engine.hpp">
      <Filter>Pliki nagłówkowe</Filter>
    </ClInclude>
    <ClInclude Include="Systems\SceneSystem.hpp">
      <Filter>Pliki nagłówkowe\Systems</Filter>
    </ClInclude>
    <ClInclude Include="yaml-cpp\src\contrib\graphbuilderadapter.h">
      <Filter>yaml-cpp\src\contrib</Filter>
    </ClInclude>
    <ClInclude Include="yaml-cpp\src\collectionstack.h">
      <Filter>yaml-cpp\src</Filter>
    </ClInclude>
    <ClInclude Include="yaml-cpp\src\directives.h">
      <Filter>yaml-cpp\src</Filter>
    </ClInclude>
    <ClInclude Include="yaml-cpp\src\emitterstate.h">
      <Filter>yaml-cpp\src</Filter>
    </ClInclude>
    <ClInclude Include="yaml-cpp\src\emitterutils.h">
      <Filter>yaml-cpp\src</Filter>
    </ClInclude>
    <ClInclude Include="yaml-cpp\src\exp.h">
      <Filter>yaml-cpp\src</Filter>
    </ClInclude>
    <ClInclude Include="yaml-cpp\src\indentation.h">
      <Filter>yaml-cpp\src</Filter>
    </ClInclude>
    <ClInclude Include="yaml-cpp\src\nodebuilder.h">
      <Filter>yaml-cpp\src</Filter>
    </ClInclude>
    <ClInclude Include="yaml-cpp\src\nodeevents.h">
      <Filter>yaml-cpp\src</Filter>
    </ClInclude>
    <ClInclude Include="yaml-cpp\src\ptr_vector.h">
      <Filter>yaml-cpp\src</Filter>
    </ClInclude>
    <ClInclude Include="yaml-cpp\src\regex_yaml.h">
      <Filter>yaml-cpp\src</Filter>
    </ClInclude>
    <ClInclude Include="yaml-cpp\src\regeximpl.h">
      <Filter>yaml-cpp\src</Filter>
    </ClInclude>
    <ClInclude Include="yaml-cpp\src\scanner.h">
      <Filter>yaml-cpp\src</Filter>
    </ClInclude>
    <ClInclude Include="yaml-cpp\src\scanscalar.h">
      <Filter>yaml-cpp\src</Filter>
    </ClInclude>
    <ClInclude Include="yaml-cpp\src\scantag.h">
      <Filter>yaml-cpp\src</Filter>
    </ClInclude>
    <ClInclude Include="yaml-cpp\src\setting.h">
      <Filter>yaml-cpp\src</Filter>
    </ClInclude>
    <ClInclude Include="yaml-cpp\src\singledocparser.h">
      <Filter>yaml-cpp\src</Filter>
    </ClInclude>
    <ClInclude Include="yaml-cpp\src\stream.h">
      <Filter>yaml-cpp\src</Filter>
    </ClInclude>
    <ClInclude Include="yaml-cpp\src\streamcharsource.h">
      <Filter>yaml-cpp\src</Filter>
    </ClInclude>
    <ClInclude Include="yaml-cpp\src\stringsource.h">
      <Filter>yaml-cpp\src</Filter>
    </ClInclude>
    <ClInclude Include="yaml-cpp\src\tag.h">
      <Filter>yaml-cpp\src</Filter>
    </ClInclude>
    <ClInclude Include="yaml-cpp\src\token.h">
      <Filter>yaml-cpp\src</Filter>
    </ClInclude>
    <ClInclude Include="yaml-cpp\include\yaml-cpp\node\detail\impl.h">
      <Filter>yaml-cpp\include\yaml-cpp\node\detail</Filter>
    </ClInclude>
    <ClInclude Include="yaml-cpp\include\yaml-cpp\node\detail\iterator.h">
      <Filter>yaml-cpp\include\yaml-cpp\node\detail</Filter>
    </ClInclude>
    <ClInclude Include="yaml-cpp\include\yaml-cpp\node\detail\iterator_fwd.h">
      <Filter>yaml-cpp\include\yaml-cpp\node\detail</Filter>
    </ClInclude>
    <ClInclude Include="yaml-cpp\include\yaml-cpp\node\detail\memory.h">
      <Filter>yaml-cpp\include\yaml-cpp\node\detail</Filter>
    </ClInclude>
    <ClInclude Include="yaml-cpp\include\yaml-cpp\node\detail\node.h">
      <Filter>yaml-cpp\include\yaml-cpp\node\detail</Filter>
    </ClInclude>
    <ClInclude Include="yaml-cpp\include\yaml-cpp\node\detail\node_data.h">
      <Filter>yaml-cpp\include\yaml-cpp\node\detail</Filter>
    </ClInclude>
    <ClInclude Include="yaml-cpp\include\yaml-cpp\node\detail\node_iterator.h">
      <Filter>yaml-cpp\include\yaml-cpp\node\detail</Filter>
    </ClInclude>
    <ClInclude Include="yaml-cpp\include\yaml-cpp\node\detail\node_ref.h">
      <Filter>yaml-cpp\include\yaml-cpp\node\detail</Filter>
    </ClInclude>
    <ClInclude Include="yaml-cpp\include\yaml-cpp\node\convert.h">
      <Filter>yaml-cpp\include\yaml-cpp\node</Filter>
    </ClInclude>
    <ClInclude Include="yaml-cpp\include\yaml-cpp\node\emit.h">
      <Filter>yaml-cpp\include\yaml-cpp\node</Filter>
    </ClInclude>
    <ClInclude Include="yaml-cpp\include\yaml-cpp\node\impl.h">
      <Filter>yaml-cpp\include\yaml-cpp\node</Filter>
    </ClInclude>
    <ClInclude Include="yaml-cpp\include\yaml-cpp\node\iterator.h">
      <Filter>yaml-cpp\include\yaml-cpp\node</Filter>
    </ClInclude>
    <ClInclude Include="yaml-cpp\include\yaml-cpp\node\node.h">
      <Filter>yaml-cpp\include\yaml-cpp\node</Filter>
    </ClInclude>
    <ClInclude Include="yaml-cpp\include\yaml-cpp\node\parse.h">
      <Filter>yaml-cpp\include\yaml-cpp\node</Filter>
    </ClInclude>
    <ClInclude Include="yaml-cpp\include\yaml-cpp\node\ptr.h">
      <Filter>yaml-cpp\include\yaml-cpp\node</Filter>
    </ClInclude>
    <ClInclude Include="yaml-cpp\include\yaml-cpp\node\type.h">
      <Filter>yaml-cpp\include\yaml-cpp\node</Filter>
    </ClInclude>
    <ClInclude Include="yaml-cpp\include\yaml-cpp\contrib\anchordict.h">
      <Filter>yaml-cpp\include\yaml-cpp\contrib</Filter>
    </ClInclude>
    <ClInclude Include="yaml-cpp\include\yaml-cpp\contrib\graphbuilder.h">
      <Filter>yaml-cpp\include\yaml-cpp\contrib</Filter>
    </ClInclude>
    <ClInclude Include="yaml-cpp\include\yaml-cpp\anchor.h">
      <Filter>yaml-cpp\include\yaml-cpp</Filter>
    </ClInclude>
    <ClInclude Include="yaml-cpp\include\yaml-cpp\binary.h">
      <Filter>yaml-cpp\include\yaml-cpp</Filter>
    </ClInclude>
    <ClInclude Include="yaml-cpp\include\yaml-cpp\depthguard.h">
      <Filter>yaml-cpp\include\yaml-cpp</Filter>
    </ClInclude>
    <ClInclude Include="yaml-cpp\include\yaml-cpp\dll.h">
      <Filter>yaml-cpp\include\yaml-cpp</Filter>
    </ClInclude>
    <ClInclude Include="yaml-cpp\include\yaml-cpp\emitfromevents.h">
      <Filter>yaml-cpp\include\yaml-cpp</Filter>
    </ClInclude>
    <ClInclude Include="yaml-cpp\include\yaml-cpp\emitter.h">
      <Filter>yaml-cpp\include\yaml-cpp</Filter>
    </ClInclude>
    <ClInclude Include="yaml-cpp\include\yaml-cpp\emitterdef.h">
      <Filter>yaml-cpp\include\yaml-cpp</Filter>
    </ClInclude>
    <ClInclude Include="yaml-cpp\include\yaml-cpp\emittermanip.h">
      <Filter>yaml-cpp\include\yaml-cpp</Filter>
    </ClInclude>
    <ClInclude Include="yaml-cpp\include\yaml-cpp\emitterstyle.h">
      <Filter>yaml-cpp\include\yaml-cpp</Filter>
    </ClInclude>
    <ClInclude Include="yaml-cpp\include\yaml-cpp\eventhandler.h">
      <Filter>yaml-cpp\include\yaml-cpp</Filter>
    </ClInclude>
    <ClInclude Include="yaml-cpp\include\yaml-cpp\exceptions.h">
      <Filter>yaml-cpp\include\yaml-cpp</Filter>
    </ClInclude>
    <ClInclude Include="yaml-cpp\include\yaml-cpp\mark.h">
      <Filter>yaml-cpp\include\yaml-cpp</Filter>
    </ClInclude>
    <ClInclude Include="yaml-cpp\include\yaml-cpp\noexcept.h">
      <Filter>yaml-cpp\include\yaml-cpp</Filter>
    </ClInclude>
    <ClInclude Include="yaml-cpp\include\yaml-cpp\null.h">
      <Filter>yaml-cpp\include\yaml-cpp</Filter>
    </ClInclude>
    <ClInclude Include="yaml-cpp\include\yaml-cpp\ostream_wrapper.h">
      <Filter>yaml-cpp\include\yaml-cpp</Filter>
    </ClInclude>
    <ClInclude Include="yaml-cpp\include\yaml-cpp\parser.h">
      <Filter>yaml-cpp\include\yaml-cpp</Filter>
    </ClInclude>
    <ClInclude Include="yaml-cpp\include\yaml-cpp\stlemitter.h">
      <Filter>yaml-cpp\include\yaml-cpp</Filter>
    </ClInclude>
    <ClInclude Include="yaml-cpp\include\yaml-cpp\traits.h">
      <Filter>yaml-cpp\include\yaml-cpp</Filter>
    </ClInclude>
    <ClInclude Include="yaml-cpp\include\yaml-cpp\yaml.h">
      <Filter>yaml-cpp\include\yaml-cpp</Filter>
    </ClInclude>
    <ClInclude Include="LevelParser.h">
      <Filter>Pliki nagłówkowe</Filter>
    </ClInclude>
    <ClInclude Include="Components\SphereCollider.h">
      <Filter>Pliki nagłówkowe\Components</Filter>
    </ClInclude>
    <ClInclude Include="Components\BoxCollider.h">
      <Filter>Pliki nagłówkowe\Components</Filter>
    </ClInclude>
    <ClInclude Include="Script.hpp">
      <Filter>Pliki nagłówkowe</Filter>
    </ClInclude>
    <ClInclude Include="Components\Behaviour.hpp">
      <Filter>Pliki nagłówkowe\Components</Filter>
    </ClInclude>
    <ClInclude Include="Systems\BehaviourSystem.hpp">
      <Filter>Pliki nagłówkowe\Systems</Filter>
    </ClInclude>
    <ClInclude Include="EngineAPI.hpp">
      <Filter>Pliki nagłówkowe</Filter>
    </ClInclude>
    <ClInclude Include="IsDebug.hpp">
      <Filter>Pliki nagłówkowe</Filter>
    </ClInclude>
    <ClInclude Include="Vertex.h">
      <Filter>Pliki nagłówkowe</Filter>
    </ClInclude>
    <ClInclude Include="PointLight.h">
      <Filter>Pliki nagłówkowe</Filter>
    </ClInclude>
    <ClInclude Include="SolidSphere.h">
      <Filter>Pliki nagłówkowe\Renderable</Filter>
    </ClInclude>
    <ClInclude Include="RenderableObject.h">
      <Filter>Pliki nagłówkowe\Renderable</Filter>
    </ClInclude>
    <ClInclude Include="Cylinder.h">
      <Filter>Pliki nagłówkowe\Renderable</Filter>
    </ClInclude>
    <ClInclude Include="Mesh.h">
      <Filter>Pliki nagłówkowe\Renderable</Filter>
    </ClInclude>
    <ClInclude Include="Animator.h">
      <Filter>Pliki nagłówkowe\Components</Filter>
    </ClInclude>
    <ClInclude Include="Components\MeshFilter.hpp">
      <Filter>Pliki nagłówkowe\Components</Filter>
    </ClInclude>
    <ClInclude Include="Systems\ColliderSystem.hpp">
      <Filter>Pliki nagłówkowe\Systems</Filter>
    </ClInclude>
    <ClInclude Include="Events\OnCollisionEnter.hpp">
      <Filter>Pliki nagłówkowe\Events</Filter>
    </ClInclude>
    <ClInclude Include="GeometryShader.h">
      <Filter>Pliki nagłówkowe\Bindable</Filter>
    </ClInclude>
    <ClInclude Include="Billboard.h">
      <Filter>Pliki nagłówkowe\Renderable</Filter>
    </ClInclude>
    <ClInclude Include="BonesCbuf.h">
      <Filter>Pliki nagłówkowe\Bindable</Filter>
    </ClInclude>
    <ClInclude Include="GeometryCbuf.h">
      <Filter>Pliki nagłówkowe\Bindable</Filter>
    </ClInclude>
    <ClInclude Include="imgui\imconfig.h">
      <Filter>imgui</Filter>
    </ClInclude>
    <ClInclude Include="imgui\imgui.h">
      <Filter>imgui</Filter>
    </ClInclude>
    <ClInclude Include="imgui\imgui_internal.h">
      <Filter>imgui</Filter>
    </ClInclude>
    <ClInclude Include="imgui\imstb_rectpack.h">
      <Filter>imgui</Filter>
    </ClInclude>
    <ClInclude Include="imgui\imstb_textedit.h">
      <Filter>imgui</Filter>
    </ClInclude>
    <ClInclude Include="imgui\imstb_truetype.h">
      <Filter>imgui</Filter>
    </ClInclude>
    <ClInclude Include="imgui\examples\imgui_impl_dx11.h">
      <Filter>imgui</Filter>
    </ClInclude>
    <ClInclude Include="imgui\examples\imgui_impl_win32.h">
      <Filter>imgui</Filter>
    </ClInclude>
    <ClInclude Include="TimerCbuf.h">
      <Filter>Pliki nagłówkowe\Bindable</Filter>
    </ClInclude>
    <ClInclude Include="FireParticle.h">
      <Filter>Pliki nagłówkowe\Renderable</Filter>
    </ClInclude>
  </ItemGroup>
  <ItemGroup>
    <None Include="DXTrace.inl">
      <Filter>DxErr</Filter>
    </None>
    <None Include="DXGetErrorString.inl">
      <Filter>DxErr</Filter>
    </None>
    <None Include="DXGetErrorDescription.inl">
      <Filter>DxErr</Filter>
    </None>
    <None Include="yaml-cpp\src\contrib\yaml-cpp.natvis.md">
      <Filter>yaml-cpp\src\contrib</Filter>
    </None>
    <None Include="cpp.hint" />
    <None Include="SceneFiles\Player.prefab.meta">
      <Filter>SceneFiles</Filter>
    </None>
    <None Include="SceneFiles\Tile.mat">
      <Filter>SceneFiles</Filter>
    </None>
    <None Include="SceneFiles\Tile.mat.meta">
      <Filter>SceneFiles</Filter>
    </None>
    <None Include="SceneFiles\Tile.prefab.meta">
      <Filter>SceneFiles</Filter>
    </None>
    <None Include="SceneFiles\Torch.mat">
      <Filter>SceneFiles</Filter>
    </None>
    <None Include="SceneFiles\Torch.mat.meta">
      <Filter>SceneFiles</Filter>
    </None>
    <None Include="SceneFiles\TorchCollectible.prefab">
      <Filter>SceneFiles</Filter>
    </None>
    <None Include="SceneFiles\TorchCollectible.prefab.meta">
      <Filter>SceneFiles</Filter>
    </None>
    <None Include="SceneFiles\Trap.mat">
      <Filter>SceneFiles</Filter>
    </None>
    <None Include="SceneFiles\Trap.mat.meta">
      <Filter>SceneFiles</Filter>
    </None>
    <None Include="SceneFiles\Trap.prefab.meta">
      <Filter>SceneFiles</Filter>
    </None>
    <None Include="SceneFiles\Wall (8).prefab">
      <Filter>SceneFiles</Filter>
    </None>
    <None Include="SceneFiles\Wall (8).prefab.meta">
      <Filter>SceneFiles</Filter>
    </None>
    <None Include="SceneFiles\Wall.prefab">
      <Filter>SceneFiles</Filter>
    </None>
    <None Include="SceneFiles\Wall.prefab.meta">
      <Filter>SceneFiles</Filter>
    </None>
    <None Include="SceneFiles\Water Trap.mat">
      <Filter>SceneFiles</Filter>
    </None>
    <None Include="SceneFiles\Water Trap.mat.meta">
      <Filter>SceneFiles</Filter>
    </None>
    <None Include="SceneFiles\Water Trap.prefab">
      <Filter>SceneFiles</Filter>
    </None>
    <None Include="SceneFiles\Water Trap.prefab.meta">
      <Filter>SceneFiles</Filter>
    </None>
    <None Include="SceneFiles\Way.prefab">
      <Filter>SceneFiles</Filter>
    </None>
    <None Include="SceneFiles\Way.prefab.meta">
      <Filter>SceneFiles</Filter>
    </None>
    <None Include="SceneFiles\1.unity">
      <Filter>SceneFiles</Filter>
    </None>
    <None Include="SceneFiles\1.yaml">
      <Filter>SceneFiles</Filter>
    </None>
    <None Include="SceneFiles\Cat Form.prefab">
      <Filter>SceneFiles</Filter>
    </None>
    <None Include="SceneFiles\Cat Form.prefab.meta">
      <Filter>SceneFiles</Filter>
    </None>
    <None Include="SceneFiles\Enemy.mat">
      <Filter>SceneFiles</Filter>
    </None>
    <None Include="SceneFiles\Enemy.mat.meta">
      <Filter>SceneFiles</Filter>
    </None>
    <None Include="SceneFiles\Enemy.prefab">
      <Filter>SceneFiles</Filter>
    </None>
    <None Include="SceneFiles\Enemy.prefab.meta">
      <Filter>SceneFiles</Filter>
    </None>
    <None Include="SceneFiles\Form Change Explosion Fail Variant.prefab">
      <Filter>SceneFiles</Filter>
    </None>
    <None Include="SceneFiles\Form Change Explosion Fail Variant.prefab.meta">
      <Filter>SceneFiles</Filter>
    </None>
    <None Include="SceneFiles\Form Change Explosion.prefab">
      <Filter>SceneFiles</Filter>
    </None>
    <None Include="SceneFiles\Form Change Explosion.prefab.meta">
      <Filter>SceneFiles</Filter>
    </None>
    <None Include="SceneFiles\Lane.prefab.meta">
      <Filter>SceneFiles</Filter>
    </None>
    <None Include="SceneFiles\Particle.mat">
      <Filter>SceneFiles</Filter>
    </None>
    <None Include="SceneFiles\Particle.mat.meta">
      <Filter>SceneFiles</Filter>
    </None>
  </ItemGroup>
  <ItemGroup>
    <FxCompile Include="ColorBlendPS.hlsl">
      <Filter>Shader</Filter>
    </FxCompile>
    <FxCompile Include="ColorBlendVS.hlsl">
      <Filter>Shader</Filter>
    </FxCompile>
    <FxCompile Include="ColorIndexPS.hlsl">
      <Filter>Shader</Filter>
    </FxCompile>
    <FxCompile Include="ColorIndexVS.hlsl">
      <Filter>Shader</Filter>
    </FxCompile>
    <FxCompile Include="TextureVS.hlsl">
      <Filter>Shader</Filter>
    </FxCompile>
    <FxCompile Include="TexturePS.hlsl">
      <Filter>Shader</Filter>
    </FxCompile>
    <FxCompile Include="PhongVS.hlsl">
      <Filter>Shader</Filter>
    </FxCompile>
    <FxCompile Include="PhongPS.hlsl">
      <Filter>Shader</Filter>
    </FxCompile>
    <FxCompile Include="SolidVS.hlsl">
      <Filter>Shader</Filter>
    </FxCompile>
    <FxCompile Include="SolidPS.hlsl">
      <Filter>Shader</Filter>
    </FxCompile>
    <FxCompile Include="IndexedPhongPS.hlsl">
      <Filter>Shader</Filter>
    </FxCompile>
    <FxCompile Include="BlendedPhongVS.hlsl">
      <Filter>Shader</Filter>
    </FxCompile>
    <FxCompile Include="BlendedPhongPS.hlsl">
      <Filter>Shader</Filter>
    </FxCompile>
    <FxCompile Include="TexturedPhongPS.hlsl">
      <Filter>Shader</Filter>
    </FxCompile>
    <FxCompile Include="TexturedPhongVS.hlsl">
      <Filter>Shader</Filter>
    </FxCompile>
    <FxCompile Include="AnimatedPhongVS.hlsl">
      <Filter>Shader</Filter>
    </FxCompile>
    <FxCompile Include="BillboardGS.hlsl">
      <Filter>Shader</Filter>
    </FxCompile>
    <FxCompile Include="BillboardVS.hlsl">
      <Filter>Shader</Filter>
    </FxCompile>
    <FxCompile Include="BillboardPS.hlsl">
      <Filter>Shader</Filter>
    </FxCompile>
    <FxCompile Include="SolidGS.hlsl">
      <Filter>Shader</Filter>
    </FxCompile>
    <FxCompile Include="PhongGS.hlsl">
      <Filter>Shader</Filter>
    </FxCompile>
    <FxCompile Include="FireEffectVS.hlsl">
      <Filter>Shader</Filter>
    </FxCompile>
    <FxCompile Include="FireEffectGS.hlsl">
      <Filter>Shader</Filter>
    </FxCompile>
    <FxCompile Include="FireEffectPS.hlsl">
      <Filter>Shader</Filter>
    </FxCompile>
  </ItemGroup>
  <ItemGroup>
    <Natvis Include="yaml-cpp\src\contrib\yaml-cpp.natvis">
      <Filter>yaml-cpp\src\contrib</Filter>
    </Natvis>
  </ItemGroup>
</Project>